
Microsoft Visual Studio Solution File, Format Version 12.00
# Visual Studio Version 17
VisualStudioVersion = 17.0.31903.59
MinimumVisualStudioVersion = 10.0.40219.1
Project("{FAE04EC0-301F-11D3-BF4B-00C04F79EFBC}") = "AnimalKingdom", "AnimalKingdom\AnimalKingdom.csproj", "{C9904747-D53F-4644-BC7B-EA56A4597EAA}"
EndProject
Project("{FAE04EC0-301F-11D3-BF4B-00C04F79EFBC}") = "PlayerManager1", "PlayerManager1\PlayerManager1.csproj", "{EE5C0189-32EA-401C-88E7-15A0BA5FD9F6}"
EndProject
Project("{FAE04EC0-301F-11D3-BF4B-00C04F79EFBC}") = "PlayerManager2", "PlayerManager2\PlayerManager2.csproj", "{F18656B8-500D-4899-8FC1-9D87A8F85295}"
EndProject
Project("{FAE04EC0-301F-11D3-BF4B-00C04F79EFBC}") = "PlayerManager3", "PlayerManager3\PlayerManager3.csproj", "{75339EB7-C833-46A2-8EF1-4363D8D442C0}"
EndProject
Global
	GlobalSection(SolutionConfigurationPlatforms) = preSolution
		Debug|Any CPU = Debug|Any CPU
		Release|Any CPU = Release|Any CPU
	EndGlobalSection
	GlobalSection(SolutionProperties) = preSolution
		HideSolutionNode = FALSE
	EndGlobalSection
	GlobalSection(ProjectConfigurationPlatforms) = postSolution
		{C9904747-D53F-4644-BC7B-EA56A4597EAA}.Debug|Any CPU.ActiveCfg = Debug|Any CPU
		{C9904747-D53F-4644-BC7B-EA56A4597EAA}.Debug|Any CPU.Build.0 = Debug|Any CPU
		{C9904747-D53F-4644-BC7B-EA56A4597EAA}.Release|Any CPU.ActiveCfg = Release|Any CPU
		{C9904747-D53F-4644-BC7B-EA56A4597EAA}.Release|Any CPU.Build.0 = Release|Any CPU
		{EE5C0189-32EA-401C-88E7-15A0BA5FD9F6}.Debug|Any CPU.ActiveCfg = Debug|Any CPU
		{EE5C0189-32EA-401C-88E7-15A0BA5FD9F6}.Debug|Any CPU.Build.0 = Debug|Any CPU
		{EE5C0189-32EA-401C-88E7-15A0BA5FD9F6}.Release|Any CPU.ActiveCfg = Release|Any CPU
		{EE5C0189-32EA-401C-88E7-15A0BA5FD9F6}.Release|Any CPU.Build.0 = Release|Any CPU
		{F18656B8-500D-4899-8FC1-9D87A8F85295}.Debug|Any CPU.ActiveCfg = Debug|Any CPU
		{F18656B8-500D-4899-8FC1-9D87A8F85295}.Debug|Any CPU.Build.0 = Debug|Any CPU
		{F18656B8-500D-4899-8FC1-9D87A8F85295}.Release|Any CPU.ActiveCfg = Release|Any CPU
		{F18656B8-500D-4899-8FC1-9D87A8F85295}.Release|Any CPU.Build.0 = Release|Any CPU
		{75339EB7-C833-46A2-8EF1-4363D8D442C0}.Debug|Any CPU.ActiveCfg = Debug|Any CPU
		{75339EB7-C833-46A2-8EF1-4363D8D442C0}.Debug|Any CPU.Build.0 = Debug|Any CPU
		{75339EB7-C833-46A2-8EF1-4363D8D442C0}.Release|Any CPU.ActiveCfg = Release|Any CPU
		{75339EB7-C833-46A2-8EF1-4363D8D442C0}.Release|Any CPU.Build.0 = Release|Any CPU
	EndGlobalSection
EndGlobal
